
Microsoft Visual Studio Solution File, Format Version 12.00
# Visual Studio Version 17
VisualStudioVersion = 17.1.32120.378
MinimumVisualStudioVersion = 10.0.40219.1
Project("{FAE04EC0-301F-11D3-BF4B-00C04F79EFBC}") = "RegistrationSendEmail", "RegistrationSendEmail\RegistrationSendEmail.csproj", "{42EBA434-1642-476D-BDF5-7D6A30F3005D}"
EndProject
Global
	GlobalSection(SolutionConfigurationPlatforms) = preSolution
		Debug|Any CPU = Debug|Any CPU
		Release|Any CPU = Release|Any CPU
	EndGlobalSection
	GlobalSection(ProjectConfigurationPlatforms) = postSolution
		{42EBA434-1642-476D-BDF5-7D6A30F3005D}.Debug|Any CPU.ActiveCfg = Debug|Any CPU
		{42EBA434-1642-476D-BDF5-7D6A30F3005D}.Debug|Any CPU.Build.0 = Debug|Any CPU
		{42EBA434-1642-476D-BDF5-7D6A30F3005D}.Release|Any CPU.ActiveCfg = Release|Any CPU
		{42EBA434-1642-476D-BDF5-7D6A30F3005D}.Release|Any CPU.Build.0 = Release|Any CPU
	EndGlobalSection
	GlobalSection(SolutionProperties) = preSolution
		HideSolutionNode = FALSE
	EndGlobalSection
	GlobalSection(ExtensibilityGlobals) = postSolution
		SolutionGuid = {31F76C59-172B-4C02-A74F-E73E918FCC57}
	EndGlobalSection
EndGlobal
