
Microsoft Visual Studio Solution File, Format Version 12.00
# Visual Studio Version 17
VisualStudioVersion = 17.0.31825.309
MinimumVisualStudioVersion = 10.0.40219.1
Project("{9A19103F-16F7-4668-BE54-9A1E7A4F7556}") = "Backend", "Backend\Backend.csproj", "{E49CE49A-A2E2-4A45-9E9F-59E84A4A56E9}"
EndProject
Project("{2150E333-8FDC-42A3-9474-1A3956D46DE8}") = "1.WebApi", "1.WebApi", "{3B0004FD-2889-436A-A0FC-5927FEDA7998}"
EndProject
Project("{2150E333-8FDC-42A3-9474-1A3956D46DE8}") = "2.ApplicationServices", "2.ApplicationServices", "{19201C58-6D68-49FD-AB7D-B73B81DBCF16}"
EndProject
Project("{2150E333-8FDC-42A3-9474-1A3956D46DE8}") = "3.Infrastructure", "3.Infrastructure", "{A13DE716-D3DD-4485-925D-77F3F87D21F4}"
EndProject
Project("{2150E333-8FDC-42A3-9474-1A3956D46DE8}") = "4.Domain", "4.Domain", "{AE52E219-A437-4E2C-9EFB-3CB6EB22D00B}"
EndProject
Project("{2150E333-8FDC-42A3-9474-1A3956D46DE8}") = "5.Shared", "5.Shared", "{0232580E-12DC-47FD-A72E-9D24600FD1C4}"
EndProject
Project("{9A19103F-16F7-4668-BE54-9A1E7A4F7556}") = "Repository.Interfaces", "Repository.Interfaces\Repository.Interfaces.csproj", "{F01BEE48-8352-4EA2-A18D-8CFBE18B69C1}"
EndProject
Project("{9A19103F-16F7-4668-BE54-9A1E7A4F7556}") = "Repository.CosmosDB", "Repository.CosmosDB\Repository.CosmosDB.csproj", "{B9CB8061-9CC7-4E02-8009-3C23F39BE7B2}"
EndProject
Project("{9A19103F-16F7-4668-BE54-9A1E7A4F7556}") = "Infrastructure.Configuration", "Infrastructure.Configuration\Infrastructure.Configuration.csproj", "{BBC48EF4-AEC3-4B2E-A1ED-5AE2413E22E2}"
EndProject
Project("{9A19103F-16F7-4668-BE54-9A1E7A4F7556}") = "Shared", "Shared.Execptions\Shared.csproj", "{1CD1FFE7-74B0-4884-90B9-88386B961E20}"
EndProject
Project("{9A19103F-16F7-4668-BE54-9A1E7A4F7556}") = "Services.CommandHandlers", "Services.CommandHandlers\Services.CommandHandlers.csproj", "{D0DE9B65-BEEA-417D-B45C-C38C5C58BDC2}"
EndProject
Project("{9A19103F-16F7-4668-BE54-9A1E7A4F7556}") = "Domain.Commands", "Domain.Commands\Domain.Commands.csproj", "{66122E3E-409C-4863-BF30-F8EECACC5B17}"
EndProject
Project("{9A19103F-16F7-4668-BE54-9A1E7A4F7556}") = "Domain.Queries", "Domain.Queries\Domain.Queries.csproj", "{3F84487F-5EC7-4D75-963D-D0F2233C3DE3}"
EndProject
Project("{9A19103F-16F7-4668-BE54-9A1E7A4F7556}") = "Services.QueryHandlers", "Services.QueryHandlers\Services.QueryHandlers.csproj", "{405DA475-D67F-4636-B276-2CB4B3712AF0}"
EndProject
Project("{9A19103F-16F7-4668-BE54-9A1E7A4F7556}") = "Domain.Model", "Domain.Model\Domain.Model.csproj", "{E19E305A-B1FF-47CF-9E7F-DE7D0B504F7E}"
EndProject
Project("{FAE04EC0-301F-11D3-BF4B-00C04F79EFBC}") = "Queue.Interfaces", "Queue.Interfaces\Queue.Interfaces.csproj", "{A29D8D8B-1119-4191-AE20-F476E6DE363F}"
EndProject
Project("{FAE04EC0-301F-11D3-BF4B-00C04F79EFBC}") = "Queue.AzureStorage", "Queue.AzureStorage\Queue.AzureStorage.csproj", "{DD64F13C-DAD9-4753-B543-70B44906A6DE}"
EndProject
Global
	GlobalSection(SolutionConfigurationPlatforms) = preSolution
		Debug|Any CPU = Debug|Any CPU
		Release|Any CPU = Release|Any CPU
	EndGlobalSection
	GlobalSection(ProjectConfigurationPlatforms) = postSolution
		{E49CE49A-A2E2-4A45-9E9F-59E84A4A56E9}.Debug|Any CPU.ActiveCfg = Debug|Any CPU
		{E49CE49A-A2E2-4A45-9E9F-59E84A4A56E9}.Debug|Any CPU.Build.0 = Debug|Any CPU
		{E49CE49A-A2E2-4A45-9E9F-59E84A4A56E9}.Release|Any CPU.ActiveCfg = Release|Any CPU
		{E49CE49A-A2E2-4A45-9E9F-59E84A4A56E9}.Release|Any CPU.Build.0 = Release|Any CPU
		{F01BEE48-8352-4EA2-A18D-8CFBE18B69C1}.Debug|Any CPU.ActiveCfg = Debug|Any CPU
		{F01BEE48-8352-4EA2-A18D-8CFBE18B69C1}.Debug|Any CPU.Build.0 = Debug|Any CPU
		{F01BEE48-8352-4EA2-A18D-8CFBE18B69C1}.Release|Any CPU.ActiveCfg = Release|Any CPU
		{F01BEE48-8352-4EA2-A18D-8CFBE18B69C1}.Release|Any CPU.Build.0 = Release|Any CPU
		{B9CB8061-9CC7-4E02-8009-3C23F39BE7B2}.Debug|Any CPU.ActiveCfg = Debug|Any CPU
		{B9CB8061-9CC7-4E02-8009-3C23F39BE7B2}.Debug|Any CPU.Build.0 = Debug|Any CPU
		{B9CB8061-9CC7-4E02-8009-3C23F39BE7B2}.Release|Any CPU.ActiveCfg = Release|Any CPU
		{B9CB8061-9CC7-4E02-8009-3C23F39BE7B2}.Release|Any CPU.Build.0 = Release|Any CPU
		{BBC48EF4-AEC3-4B2E-A1ED-5AE2413E22E2}.Debug|Any CPU.ActiveCfg = Debug|Any CPU
		{BBC48EF4-AEC3-4B2E-A1ED-5AE2413E22E2}.Debug|Any CPU.Build.0 = Debug|Any CPU
		{BBC48EF4-AEC3-4B2E-A1ED-5AE2413E22E2}.Release|Any CPU.ActiveCfg = Release|Any CPU
		{BBC48EF4-AEC3-4B2E-A1ED-5AE2413E22E2}.Release|Any CPU.Build.0 = Release|Any CPU
		{1CD1FFE7-74B0-4884-90B9-88386B961E20}.Debug|Any CPU.ActiveCfg = Debug|Any CPU
		{1CD1FFE7-74B0-4884-90B9-88386B961E20}.Debug|Any CPU.Build.0 = Debug|Any CPU
		{1CD1FFE7-74B0-4884-90B9-88386B961E20}.Release|Any CPU.ActiveCfg = Release|Any CPU
		{1CD1FFE7-74B0-4884-90B9-88386B961E20}.Release|Any CPU.Build.0 = Release|Any CPU
		{D0DE9B65-BEEA-417D-B45C-C38C5C58BDC2}.Debug|Any CPU.ActiveCfg = Debug|Any CPU
		{D0DE9B65-BEEA-417D-B45C-C38C5C58BDC2}.Debug|Any CPU.Build.0 = Debug|Any CPU
		{D0DE9B65-BEEA-417D-B45C-C38C5C58BDC2}.Release|Any CPU.ActiveCfg = Release|Any CPU
		{D0DE9B65-BEEA-417D-B45C-C38C5C58BDC2}.Release|Any CPU.Build.0 = Release|Any CPU
		{66122E3E-409C-4863-BF30-F8EECACC5B17}.Debug|Any CPU.ActiveCfg = Debug|Any CPU
		{66122E3E-409C-4863-BF30-F8EECACC5B17}.Debug|Any CPU.Build.0 = Debug|Any CPU
		{66122E3E-409C-4863-BF30-F8EECACC5B17}.Release|Any CPU.ActiveCfg = Release|Any CPU
		{66122E3E-409C-4863-BF30-F8EECACC5B17}.Release|Any CPU.Build.0 = Release|Any CPU
		{3F84487F-5EC7-4D75-963D-D0F2233C3DE3}.Debug|Any CPU.ActiveCfg = Debug|Any CPU
		{3F84487F-5EC7-4D75-963D-D0F2233C3DE3}.Debug|Any CPU.Build.0 = Debug|Any CPU
		{3F84487F-5EC7-4D75-963D-D0F2233C3DE3}.Release|Any CPU.ActiveCfg = Release|Any CPU
		{3F84487F-5EC7-4D75-963D-D0F2233C3DE3}.Release|Any CPU.Build.0 = Release|Any CPU
		{405DA475-D67F-4636-B276-2CB4B3712AF0}.Debug|Any CPU.ActiveCfg = Debug|Any CPU
		{405DA475-D67F-4636-B276-2CB4B3712AF0}.Debug|Any CPU.Build.0 = Debug|Any CPU
		{405DA475-D67F-4636-B276-2CB4B3712AF0}.Release|Any CPU.ActiveCfg = Release|Any CPU
		{405DA475-D67F-4636-B276-2CB4B3712AF0}.Release|Any CPU.Build.0 = Release|Any CPU
		{E19E305A-B1FF-47CF-9E7F-DE7D0B504F7E}.Debug|Any CPU.ActiveCfg = Debug|Any CPU
		{E19E305A-B1FF-47CF-9E7F-DE7D0B504F7E}.Debug|Any CPU.Build.0 = Debug|Any CPU
		{E19E305A-B1FF-47CF-9E7F-DE7D0B504F7E}.Release|Any CPU.ActiveCfg = Release|Any CPU
		{E19E305A-B1FF-47CF-9E7F-DE7D0B504F7E}.Release|Any CPU.Build.0 = Release|Any CPU
		{A29D8D8B-1119-4191-AE20-F476E6DE363F}.Debug|Any CPU.ActiveCfg = Debug|Any CPU
		{A29D8D8B-1119-4191-AE20-F476E6DE363F}.Debug|Any CPU.Build.0 = Debug|Any CPU
		{A29D8D8B-1119-4191-AE20-F476E6DE363F}.Release|Any CPU.ActiveCfg = Release|Any CPU
		{A29D8D8B-1119-4191-AE20-F476E6DE363F}.Release|Any CPU.Build.0 = Release|Any CPU
		{DD64F13C-DAD9-4753-B543-70B44906A6DE}.Debug|Any CPU.ActiveCfg = Debug|Any CPU
		{DD64F13C-DAD9-4753-B543-70B44906A6DE}.Debug|Any CPU.Build.0 = Debug|Any CPU
		{DD64F13C-DAD9-4753-B543-70B44906A6DE}.Release|Any CPU.ActiveCfg = Release|Any CPU
		{DD64F13C-DAD9-4753-B543-70B44906A6DE}.Release|Any CPU.Build.0 = Release|Any CPU
	EndGlobalSection
	GlobalSection(SolutionProperties) = preSolution
		HideSolutionNode = FALSE
	EndGlobalSection
	GlobalSection(NestedProjects) = preSolution
		{E49CE49A-A2E2-4A45-9E9F-59E84A4A56E9} = {3B0004FD-2889-436A-A0FC-5927FEDA7998}
		{F01BEE48-8352-4EA2-A18D-8CFBE18B69C1} = {A13DE716-D3DD-4485-925D-77F3F87D21F4}
		{B9CB8061-9CC7-4E02-8009-3C23F39BE7B2} = {A13DE716-D3DD-4485-925D-77F3F87D21F4}
		{BBC48EF4-AEC3-4B2E-A1ED-5AE2413E22E2} = {A13DE716-D3DD-4485-925D-77F3F87D21F4}
		{1CD1FFE7-74B0-4884-90B9-88386B961E20} = {0232580E-12DC-47FD-A72E-9D24600FD1C4}
		{D0DE9B65-BEEA-417D-B45C-C38C5C58BDC2} = {19201C58-6D68-49FD-AB7D-B73B81DBCF16}
		{66122E3E-409C-4863-BF30-F8EECACC5B17} = {AE52E219-A437-4E2C-9EFB-3CB6EB22D00B}
		{3F84487F-5EC7-4D75-963D-D0F2233C3DE3} = {AE52E219-A437-4E2C-9EFB-3CB6EB22D00B}
		{405DA475-D67F-4636-B276-2CB4B3712AF0} = {19201C58-6D68-49FD-AB7D-B73B81DBCF16}
		{E19E305A-B1FF-47CF-9E7F-DE7D0B504F7E} = {AE52E219-A437-4E2C-9EFB-3CB6EB22D00B}
		{A29D8D8B-1119-4191-AE20-F476E6DE363F} = {A13DE716-D3DD-4485-925D-77F3F87D21F4}
		{DD64F13C-DAD9-4753-B543-70B44906A6DE} = {A13DE716-D3DD-4485-925D-77F3F87D21F4}
	EndGlobalSection
	GlobalSection(ExtensibilityGlobals) = postSolution
		SolutionGuid = {23B91524-CA05-419C-A895-5F305A1D2884}
	EndGlobalSection
EndGlobal
