
Microsoft Visual Studio Solution File, Format Version 12.00
# Visual Studio Version 17
VisualStudioVersion = 17.2.32210.308
MinimumVisualStudioVersion = 10.0.40219.1
Project("{FAE04EC0-301F-11D3-BF4B-00C04F79EFBC}") = "MonthlyReport", "MonthlyReport\MonthlyReport.csproj", "{7FF2B921-0DC9-4150-8E48-1CD1DE433983}"
EndProject
Global
	GlobalSection(SolutionConfigurationPlatforms) = preSolution
		Debug|Any CPU = Debug|Any CPU
		Release|Any CPU = Release|Any CPU
	EndGlobalSection
	GlobalSection(ProjectConfigurationPlatforms) = postSolution
		{7FF2B921-0DC9-4150-8E48-1CD1DE433983}.Debug|Any CPU.ActiveCfg = Debug|Any CPU
		{7FF2B921-0DC9-4150-8E48-1CD1DE433983}.Debug|Any CPU.Build.0 = Debug|Any CPU
		{7FF2B921-0DC9-4150-8E48-1CD1DE433983}.Release|Any CPU.ActiveCfg = Release|Any CPU
		{7FF2B921-0DC9-4150-8E48-1CD1DE433983}.Release|Any CPU.Build.0 = Release|Any CPU
	EndGlobalSection
	GlobalSection(SolutionProperties) = preSolution
		HideSolutionNode = FALSE
	EndGlobalSection
	GlobalSection(ExtensibilityGlobals) = postSolution
		SolutionGuid = {4C47E177-3B2E-4E0C-B4E3-7E83A00CF57D}
	EndGlobalSection
EndGlobal
